
Microsoft Visual Studio Solution File, Format Version 12.00
# Visual Studio 15
VisualStudioVersion = 15.0.28307.572
MinimumVisualStudioVersion = 10.0.40219.1
Project("{9A19103F-16F7-4668-BE54-9A1E7A4F7556}") = "Aws", "Aws.Sqs\Aws.csproj", "{AE6E8D31-DB43-4AB6-8A04-05F785D5F6C3}"
EndProject
Global
	GlobalSection(SolutionConfigurationPlatforms) = preSolution
		Debug|Any CPU = Debug|Any CPU
		Release|Any CPU = Release|Any CPU
	EndGlobalSection
	GlobalSection(ProjectConfigurationPlatforms) = postSolution
		{AE6E8D31-DB43-4AB6-8A04-05F785D5F6C3}.Debug|Any CPU.ActiveCfg = Debug|Any CPU
		{AE6E8D31-DB43-4AB6-8A04-05F785D5F6C3}.Debug|Any CPU.Build.0 = Debug|Any CPU
		{AE6E8D31-DB43-4AB6-8A04-05F785D5F6C3}.Release|Any CPU.ActiveCfg = Release|Any CPU
		{AE6E8D31-DB43-4AB6-8A04-05F785D5F6C3}.Release|Any CPU.Build.0 = Release|Any CPU
	EndGlobalSection
	GlobalSection(SolutionProperties) = preSolution
		HideSolutionNode = FALSE
	EndGlobalSection
	GlobalSection(ExtensibilityGlobals) = postSolution
		SolutionGuid = {86B7D064-050C-44B4-8CED-A308C4A6F7D6}
	EndGlobalSection
EndGlobal
